// !$*UTF8*$!
{
	archiveVersion = 1;
	classes = {
	};
	objectVersion = 46;
	objects = {

/* Begin PBXBuildFile section */
		06C2822E1ACBC7AA00AF792C /* FINCameraTests.m in Sources */ = {isa = PBXBuildFile; fileRef = 06C2822D1ACBC7AA00AF792C /* FINCameraTests.m */; };
		06C2824E1ACBD4EC00AF792C /* AppDelegate.m in Sources */ = {isa = PBXBuildFile; fileRef = 06C282481ACBD4EC00AF792C /* AppDelegate.m */; };
		06C2824F1ACBD4EC00AF792C /* Images.xcassets in Resources */ = {isa = PBXBuildFile; fileRef = 06C282491ACBD4EC00AF792C /* Images.xcassets */; };
		06C282501ACBD4EC00AF792C /* Info.plist in Resources */ = {isa = PBXBuildFile; fileRef = 06C2824A1ACBD4EC00AF792C /* Info.plist */; };
		06C282511ACBD4EC00AF792C /* main.m in Sources */ = {isa = PBXBuildFile; fileRef = 06C2824B1ACBD4EC00AF792C /* main.m */; };
		06C282521ACBD4EC00AF792C /* ViewController.m in Sources */ = {isa = PBXBuildFile; fileRef = 06C2824D1ACBD4EC00AF792C /* ViewController.m */; };
/* End PBXBuildFile section */

/* Begin PBXContainerItemProxy section */
		06C282281ACBC7AA00AF792C /* PBXContainerItemProxy */ = {
			isa = PBXContainerItemProxy;
			containerPortal = 06C282061ACBC7AA00AF792C /* Project object */;
			proxyType = 1;
			remoteGlobalIDString = 06C2820D1ACBC7AA00AF792C;
			remoteInfo = FINCamera;
		};
/* End PBXContainerItemProxy section */

/* Begin PBXFileReference section */
		06C2820E1ACBC7AA00AF792C /* FINCamera.app */ = {isa = PBXFileReference; explicitFileType = wrapper.application; includeInIndex = 0; path = FINCamera.app; sourceTree = BUILT_PRODUCTS_DIR; };
		06C282271ACBC7AA00AF792C /* FINCameraTests.xctest */ = {isa = PBXFileReference; explicitFileType = wrapper.cfbundle; includeInIndex = 0; path = FINCameraTests.xctest; sourceTree = BUILT_PRODUCTS_DIR; };
		06C2822C1ACBC7AA00AF792C /* Info.plist */ = {isa = PBXFileReference; lastKnownFileType = text.plist.xml; path = Info.plist; sourceTree = "<group>"; };
		06C2822D1ACBC7AA00AF792C /* FINCameraTests.m */ = {isa = PBXFileReference; lastKnownFileType = sourcecode.c.objc; path = FINCameraTests.m; sourceTree = "<group>"; };
		06C282471ACBD4EC00AF792C /* AppDelegate.h */ = {isa = PBXFileReference; fileEncoding = 4; lastKnownFileType = sourcecode.c.h; path = AppDelegate.h; sourceTree = "<group>"; };
		06C282481ACBD4EC00AF792C /* AppDelegate.m */ = {isa = PBXFileReference; fileEncoding = 4; lastKnownFileType = sourcecode.c.objc; path = AppDelegate.m; sourceTree = "<group>"; };
		06C282491ACBD4EC00AF792C /* Images.xcassets */ = {isa = PBXFileReference; lastKnownFileType = folder.assetcatalog; path = Images.xcassets; sourceTree = "<group>"; };
		06C2824A1ACBD4EC00AF792C /* Info.plist */ = {isa = PBXFileReference; fileEncoding = 4; lastKnownFileType = text.plist.xml; path = Info.plist; sourceTree = "<group>"; };
		06C2824B1ACBD4EC00AF792C /* main.m */ = {isa = PBXFileReference; fileEncoding = 4; lastKnownFileType = sourcecode.c.objc; path = main.m; sourceTree = "<group>"; };
		06C2824C1ACBD4EC00AF792C /* ViewController.h */ = {isa = PBXFileReference; fileEncoding = 4; lastKnownFileType = sourcecode.c.h; path = ViewController.h; sourceTree = "<group>"; };
		06C2824D1ACBD4EC00AF792C /* ViewController.m */ = {isa = PBXFileReference; fileEncoding = 4; lastKnownFileType = sourcecode.c.objc; path = ViewController.m; sourceTree = "<group>"; };
/* End PBXFileReference section */

/* Begin PBXFrameworksBuildPhase section */
		06C2820B1ACBC7AA00AF792C /* Frameworks */ = {
			isa = PBXFrameworksBuildPhase;
			buildActionMask = 2147483647;
			files = (
			);
			runOnlyForDeploymentPostprocessing = 0;
		};
		06C282241ACBC7AA00AF792C /* Frameworks */ = {
			isa = PBXFrameworksBuildPhase;
			buildActionMask = 2147483647;
			files = (
			);
			runOnlyForDeploymentPostprocessing = 0;
		};
/* End PBXFrameworksBuildPhase section */

/* Begin PBXGroup section */
		06C282051ACBC7AA00AF792C = {
			isa = PBXGroup;
			children = (
				06C282461ACBD4EC00AF792C /* FINCameraExample */,
				06C2822A1ACBC7AA00AF792C /* FINCameraTests */,
				06C2820F1ACBC7AA00AF792C /* Products */,
			);
			sourceTree = "<group>";
		};
		06C2820F1ACBC7AA00AF792C /* Products */ = {
			isa = PBXGroup;
			children = (
				06C2820E1ACBC7AA00AF792C /* FINCamera.app */,
				06C282271ACBC7AA00AF792C /* FINCameraTests.xctest */,
			);
			name = Products;
			sourceTree = "<group>";
		};
		06C2822A1ACBC7AA00AF792C /* FINCameraTests */ = {
			isa = PBXGroup;
			children = (
				06C2822D1ACBC7AA00AF792C /* FINCameraTests.m */,
				06C2822B1ACBC7AA00AF792C /* Supporting Files */,
			);
			path = FINCameraTests;
			sourceTree = "<group>";
		};
		06C2822B1ACBC7AA00AF792C /* Supporting Files */ = {
			isa = PBXGroup;
			children = (
				06C2822C1ACBC7AA00AF792C /* Info.plist */,
			);
			name = "Supporting Files";
			sourceTree = "<group>";
		};
		06C282461ACBD4EC00AF792C /* FINCameraExample */ = {
			isa = PBXGroup;
			children = (
				06C282531ACBD51300AF792C /* Supporting files */,
				06C282471ACBD4EC00AF792C /* AppDelegate.h */,
				06C282481ACBD4EC00AF792C /* AppDelegate.m */,
				06C2824C1ACBD4EC00AF792C /* ViewController.h */,
				06C2824D1ACBD4EC00AF792C /* ViewController.m */,
				06C282491ACBD4EC00AF792C /* Images.xcassets */,
			);
			path = FINCameraExample;
			sourceTree = "<group>";
		};
		06C282531ACBD51300AF792C /* Supporting files */ = {
			isa = PBXGroup;
			children = (
				06C2824A1ACBD4EC00AF792C /* Info.plist */,
				06C2824B1ACBD4EC00AF792C /* main.m */,
			);
			name = "Supporting files";
			sourceTree = "<group>";
		};
/* End PBXGroup section */

/* Begin PBXNativeTarget section */
		06C2820D1ACBC7AA00AF792C /* FINCamera */ = {
			isa = PBXNativeTarget;
			buildConfigurationList = 06C282311ACBC7AA00AF792C /* Build configuration list for PBXNativeTarget "FINCamera" */;
			buildPhases = (
				06C2820A1ACBC7AA00AF792C /* Sources */,
				06C2820B1ACBC7AA00AF792C /* Frameworks */,
				06C2820C1ACBC7AA00AF792C /* Resources */,
			);
			buildRules = (
			);
			dependencies = (
			);
			name = FINCamera;
			productName = FINCamera;
			productReference = 06C2820E1ACBC7AA00AF792C /* FINCamera.app */;
			productType = "com.apple.product-type.application";
		};
		06C282261ACBC7AA00AF792C /* FINCameraTests */ = {
			isa = PBXNativeTarget;
			buildConfigurationList = 06C282341ACBC7AA00AF792C /* Build configuration list for PBXNativeTarget "FINCameraTests" */;
			buildPhases = (
				06C282231ACBC7AA00AF792C /* Sources */,
				06C282241ACBC7AA00AF792C /* Frameworks */,
				06C282251ACBC7AA00AF792C /* Resources */,
			);
			buildRules = (
			);
			dependencies = (
				06C282291ACBC7AA00AF792C /* PBXTargetDependency */,
			);
			name = FINCameraTests;
			productName = FINCameraTests;
			productReference = 06C282271ACBC7AA00AF792C /* FINCameraTests.xctest */;
			productType = "com.apple.product-type.bundle.unit-test";
		};
/* End PBXNativeTarget section */

/* Begin PBXProject section */
		06C282061ACBC7AA00AF792C /* Project object */ = {
			isa = PBXProject;
			attributes = {
				LastUpgradeCheck = 0610;
				ORGANIZATIONNAME = com.FIN.FINCamera;
				TargetAttributes = {
					06C2820D1ACBC7AA00AF792C = {
						CreatedOnToolsVersion = 6.1;
					};
					06C282261ACBC7AA00AF792C = {
						CreatedOnToolsVersion = 6.1;
						TestTargetID = 06C2820D1ACBC7AA00AF792C;
					};
				};
			};
			buildConfigurationList = 06C282091ACBC7AA00AF792C /* Build configuration list for PBXProject "FINCamera" */;
			compatibilityVersion = "Xcode 3.2";
			developmentRegion = English;
			hasScannedForEncodings = 0;
			knownRegions = (
				en,
				Base,
			);
			mainGroup = 06C282051ACBC7AA00AF792C;
			productRefGroup = 06C2820F1ACBC7AA00AF792C /* Products */;
			projectDirPath = "";
			projectRoot = "";
			targets = (
				06C2820D1ACBC7AA00AF792C /* FINCamera */,
				06C282261ACBC7AA00AF792C /* FINCameraTests */,
			);
		};
/* End PBXProject section */

/* Begin PBXResourcesBuildPhase section */
		06C2820C1ACBC7AA00AF792C /* Resources */ = {
			isa = PBXResourcesBuildPhase;
			buildActionMask = 2147483647;
			files = (
				06C282501ACBD4EC00AF792C /* Info.plist in Resources */,
				06C2824F1ACBD4EC00AF792C /* Images.xcassets in Resources */,
			);
			runOnlyForDeploymentPostprocessing = 0;
		};
		06C282251ACBC7AA00AF792C /* Resources */ = {
			isa = PBXResourcesBuildPhase;
			buildActionMask = 2147483647;
			files = (
			);
			runOnlyForDeploymentPostprocessing = 0;
		};
/* End PBXResourcesBuildPhase section */

/* Begin PBXSourcesBuildPhase section */
		06C2820A1ACBC7AA00AF792C /* Sources */ = {
			isa = PBXSourcesBuildPhase;
			buildActionMask = 2147483647;
			files = (
				06C282521ACBD4EC00AF792C /* ViewController.m in Sources */,
				06C282511ACBD4EC00AF792C /* main.m in Sources */,
				06C2824E1ACBD4EC00AF792C /* AppDelegate.m in Sources */,
			);
			runOnlyForDeploymentPostprocessing = 0;
		};
		06C282231ACBC7AA00AF792C /* Sources */ = {
			isa = PBXSourcesBuildPhase;
			buildActionMask = 2147483647;
			files = (
				06C2822E1ACBC7AA00AF792C /* FINCameraTests.m in Sources */,
			);
			runOnlyForDeploymentPostprocessing = 0;
		};
/* End PBXSourcesBuildPhase section */

/* Begin PBXTargetDependency section */
		06C282291ACBC7AA00AF792C /* PBXTargetDependency */ = {
			isa = PBXTargetDependency;
			target = 06C2820D1ACBC7AA00AF792C /* FINCamera */;
			targetProxy = 06C282281ACBC7AA00AF792C /* PBXContainerItemProxy */;
		};
/* End PBXTargetDependency section */

/* Begin XCBuildConfiguration section */
		06C2822F1ACBC7AA00AF792C /* Debug */ = {
			isa = XCBuildConfiguration;
			buildSettings = {
				ALWAYS_SEARCH_USER_PATHS = NO;
				CLANG_CXX_LANGUAGE_STANDARD = "gnu++0x";
				CLANG_CXX_LIBRARY = "libc++";
				CLANG_ENABLE_MODULES = YES;
				CLANG_ENABLE_OBJC_ARC = YES;
				CLANG_WARN_BOOL_CONVERSION = YES;
				CLANG_WARN_CONSTANT_CONVERSION = YES;
				CLANG_WARN_DIRECT_OBJC_ISA_USAGE = YES_ERROR;
				CLANG_WARN_EMPTY_BODY = YES;
				CLANG_WARN_ENUM_CONVERSION = YES;
				CLANG_WARN_INT_CONVERSION = YES;
				CLANG_WARN_OBJC_ROOT_CLASS = YES_ERROR;
				CLANG_WARN_UNREACHABLE_CODE = YES;
				CLANG_WARN__DUPLICATE_METHOD_MATCH = YES;
				"CODE_SIGN_IDENTITY[sdk=iphoneos*]" = "iPhone Developer";
				COPY_PHASE_STRIP = NO;
				ENABLE_STRICT_OBJC_MSGSEND = YES;
				GCC_C_LANGUAGE_STANDARD = gnu99;
				GCC_DYNAMIC_NO_PIC = NO;
				GCC_OPTIMIZATION_LEVEL = 0;
				GCC_PREPROCESSOR_DEFINITIONS = (
					"DEBUG=1",
					"$(inherited)",
				);
				GCC_SYMBOLS_PRIVATE_EXTERN = NO;
				GCC_WARN_64_TO_32_BIT_CONVERSION = YES;
				GCC_WARN_ABOUT_RETURN_TYPE = YES_ERROR;
				GCC_WARN_UNDECLARED_SELECTOR = YES;
				GCC_WARN_UNINITIALIZED_AUTOS = YES_AGGRESSIVE;
				GCC_WARN_UNUSED_FUNCTION = YES;
				GCC_WARN_UNUSED_VARIABLE = YES;
				IPHONEOS_DEPLOYMENT_TARGET = 8.1;
				MTL_ENABLE_DEBUG_INFO = YES;
				ONLY_ACTIVE_ARCH = YES;
				SDKROOT = iphoneos;
			};
			name = Debug;
		};
		06C282301ACBC7AA00AF792C /* Release */ = {
			isa = XCBuildConfiguration;
			buildSettings = {
				ALWAYS_SEARCH_USER_PATHS = NO;
				CLANG_CXX_LANGUAGE_STANDARD = "gnu++0x";
				CLANG_CXX_LIBRARY = "libc++";
				CLANG_ENABLE_MODULES = YES;
				CLANG_ENABLE_OBJC_ARC = YES;
				CLANG_WARN_BOOL_CONVERSION = YES;
				CLANG_WARN_CONSTANT_CONVERSION = YES;
				CLANG_WARN_DIRECT_OBJC_ISA_USAGE = YES_ERROR;
				CLANG_WARN_EMPTY_BODY = YES;
				CLANG_WARN_ENUM_CONVERSION = YES;
				CLANG_WARN_INT_CONVERSION = YES;
				CLANG_WARN_OBJC_ROOT_CLASS = YES_ERROR;
				CLANG_WARN_UNREACHABLE_CODE = YES;
				CLANG_WARN__DUPLICATE_METHOD_MATCH = YES;
				"CODE_SIGN_IDENTITY[sdk=iphoneos*]" = "iPhone Developer";
				COPY_PHASE_STRIP = YES;
				ENABLE_NS_ASSERTIONS = NO;
				ENABLE_STRICT_OBJC_MSGSEND = YES;
				GCC_C_LANGUAGE_STANDARD = gnu99;
				GCC_WARN_64_TO_32_BIT_CONVERSION = YES;
				GCC_WARN_ABOUT_RETURN_TYPE = YES_ERROR;
				GCC_WARN_UNDECLARED_SELECTOR = YES;
				GCC_WARN_UNINITIALIZED_AUTOS = YES_AGGRESSIVE;
				GCC_WARN_UNUSED_FUNCTION = YES;
				GCC_WARN_UNUSED_VARIABLE = YES;
				IPHONEOS_DEPLOYMENT_TARGET = 8.1;
				MTL_ENABLE_DEBUG_INFO = NO;
				SDKROOT = iphoneos;
				VALIDATE_PRODUCT = YES;
			};
			name = Release;
		};
		06C282321ACBC7AA00AF792C /* Debug */ = {
			isa = XCBuildConfiguration;
			buildSettings = {
				ASSETCATALOG_COMPILER_APPICON_NAME = AppIcon;
				INFOPLIST_FILE = FINCameraExample/Info.plist;
				IPHONEOS_DEPLOYMENT_TARGET = 7.0;
				LD_RUNPATH_SEARCH_PATHS = "$(inherited) @executable_path/Frameworks";
				PRODUCT_NAME = "$(TARGET_NAME)";
			};
			name = Debug;
		};
		06C282331ACBC7AA00AF792C /* Release */ = {
			isa = XCBuildConfiguration;
			buildSettings = {
				ASSETCATALOG_COMPILER_APPICON_NAME = AppIcon;
				INFOPLIST_FILE = FINCameraExample/Info.plist;
				IPHONEOS_DEPLOYMENT_TARGET = 7.0;
				LD_RUNPATH_SEARCH_PATHS = "$(inherited) @executable_path/Frameworks";
				PRODUCT_NAME = "$(TARGET_NAME)";
			};
			name = Release;
		};
		06C282351ACBC7AA00AF792C /* Debug */ = {
			isa = XCBuildConfiguration;
			buildSettings = {
				BUNDLE_LOADER = "$(TEST_HOST)";
				FRAMEWORK_SEARCH_PATHS = (
					"$(SDKROOT)/Developer/Library/Frameworks",
					"$(inherited)",
				);
				GCC_PREPROCESSOR_DEFINITIONS = (
					"DEBUG=1",
					"$(inherited)",
				);
				INFOPLIST_FILE = FINCameraTests/Info.plist;
				LD_RUNPATH_SEARCH_PATHS = "$(inherited) @executable_path/Frameworks @loader_path/Frameworks";
				PRODUCT_NAME = "$(TARGET_NAME)";
				TEST_HOST = "$(BUILT_PRODUCTS_DIR)/FINCamera.app/FINCamera";
			};
			name = Debug;
		};
		06C282361ACBC7AA00AF792C /* Release */ = {
			isa = XCBuildConfiguration;
			buildSettings = {
				BUNDLE_LOADER = "$(TEST_HOST)";
				FRAMEWORK_SEARCH_PATHS = (
					"$(SDKROOT)/Developer/Library/Frameworks",
					"$(inherited)",
				);
				INFOPLIST_FILE = FINCameraTests/Info.plist;
				LD_RUNPATH_SEARCH_PATHS = "$(inherited) @executable_path/Frameworks @loader_path/Frameworks";
				PRODUCT_NAME = "$(TARGET_NAME)";
				TEST_HOST = "$(BUILT_PRODUCTS_DIR)/FINCamera.app/FINCamera";
			};
			name = Release;
		};
/* End XCBuildConfiguration section */

/* Begin XCConfigurationList section */
		06C282091ACBC7AA00AF792C /* Build configuration list for PBXProject "FINCamera" */ = {
			isa = XCConfigurationList;
			buildConfigurations = (
				06C2822F1ACBC7AA00AF792C /* Debug */,
				06C282301ACBC7AA00AF792C /* Release */,
			);
			defaultConfigurationIsVisible = 0;
			defaultConfigurationName = Release;
		};
		06C282311ACBC7AA00AF792C /* Build configuration list for PBXNativeTarget "FINCamera" */ = {
			isa = XCConfigurationList;
			buildConfigurations = (
				06C282321ACBC7AA00AF792C /* Debug */,
				06C282331ACBC7AA00AF792C /* Release */,
			);
			defaultConfigurationIsVisible = 0;
			defaultConfigurationName = Release;
		};
		06C282341ACBC7AA00AF792C /* Build configuration list for PBXNativeTarget "FINCameraTests" */ = {
			isa = XCConfigurationList;
			buildConfigurations = (
				06C282351ACBC7AA00AF792C /* Debug */,
				06C282361ACBC7AA00AF792C /* Release */,
			);
			defaultConfigurationIsVisible = 0;
			defaultConfigurationName = Release;
		};
/* End XCConfigurationList section */
	};
	rootObject = 06C282061ACBC7AA00AF792C /* Project object */;
}
